
Microsoft Visual Studio Solution File, Format Version 12.00
# Visual Studio Version 16
VisualStudioVersion = 16.0.810.10
MinimumVisualStudioVersion = 10.0.40219.1
Project("{FAE04EC0-301F-11D3-BF4B-00C04F79EFBC}") = "Indexer", "Indexer\Indexer.csproj", "{7F4ADC70-20AE-423B-9D46-FABEE2E9F5D2}"
EndProject
Project("{FAE04EC0-301F-11D3-BF4B-00C04F79EFBC}") = "ConsoleSearch", "ConsoleSearch\ConsoleSearch.csproj", "{8DF99C5C-09E2-430F-8DAD-5052DF2A9076}"
EndProject
Project("{FAE04EC0-301F-11D3-BF4B-00C04F79EFBC}") = "WordService", "WordService\WordService.csproj", "{7A298FC3-3D90-418B-B17A-4D91692DB06F}"
EndProject
Global
	GlobalSection(SolutionConfigurationPlatforms) = preSolution
		Debug|Any CPU = Debug|Any CPU
		Release|Any CPU = Release|Any CPU
	EndGlobalSection
	GlobalSection(ProjectConfigurationPlatforms) = postSolution
		{7F4ADC70-20AE-423B-9D46-FABEE2E9F5D2}.Debug|Any CPU.ActiveCfg = Debug|Any CPU
		{7F4ADC70-20AE-423B-9D46-FABEE2E9F5D2}.Debug|Any CPU.Build.0 = Debug|Any CPU
		{7F4ADC70-20AE-423B-9D46-FABEE2E9F5D2}.Release|Any CPU.ActiveCfg = Release|Any CPU
		{7F4ADC70-20AE-423B-9D46-FABEE2E9F5D2}.Release|Any CPU.Build.0 = Release|Any CPU
		{8DF99C5C-09E2-430F-8DAD-5052DF2A9076}.Debug|Any CPU.ActiveCfg = Debug|Any CPU
		{8DF99C5C-09E2-430F-8DAD-5052DF2A9076}.Debug|Any CPU.Build.0 = Debug|Any CPU
		{8DF99C5C-09E2-430F-8DAD-5052DF2A9076}.Release|Any CPU.ActiveCfg = Release|Any CPU
		{8DF99C5C-09E2-430F-8DAD-5052DF2A9076}.Release|Any CPU.Build.0 = Release|Any CPU
		{7A298FC3-3D90-418B-B17A-4D91692DB06F}.Debug|Any CPU.ActiveCfg = Debug|Any CPU
		{7A298FC3-3D90-418B-B17A-4D91692DB06F}.Debug|Any CPU.Build.0 = Debug|Any CPU
		{7A298FC3-3D90-418B-B17A-4D91692DB06F}.Release|Any CPU.ActiveCfg = Release|Any CPU
		{7A298FC3-3D90-418B-B17A-4D91692DB06F}.Release|Any CPU.Build.0 = Release|Any CPU
	EndGlobalSection
	GlobalSection(SolutionProperties) = preSolution
		HideSolutionNode = FALSE
	EndGlobalSection
	GlobalSection(ExtensibilityGlobals) = postSolution
		SolutionGuid = {0EBC1CCA-0BFD-4D41-AE7E-1157EA73535D}
	EndGlobalSection
EndGlobal
